
Microsoft Visual Studio Solution File, Format Version 12.00
# Visual Studio 15
VisualStudioVersion = 15.0.28307.705
MinimumVisualStudioVersion = 10.0.40219.1
Project("{FAE04EC0-301F-11D3-BF4B-00C04F79EFBC}") = "WinAppCF", "WinAppCF.csproj", "{2E3A718D-3B31-4E0E-B1D0-F57C5F96C5FF}"
EndProject
Global
	GlobalSection(SolutionConfigurationPlatforms) = preSolution
		Debug|Any CPU = Debug|Any CPU
		Release|Any CPU = Release|Any CPU
	EndGlobalSection
	GlobalSection(ProjectConfigurationPlatforms) = postSolution
		{2E3A718D-3B31-4E0E-B1D0-F57C5F96C5FF}.Debug|Any CPU.ActiveCfg = Debug|Any CPU
		{2E3A718D-3B31-4E0E-B1D0-F57C5F96C5FF}.Debug|Any CPU.Build.0 = Debug|Any CPU
		{2E3A718D-3B31-4E0E-B1D0-F57C5F96C5FF}.Release|Any CPU.ActiveCfg = Release|Any CPU
		{2E3A718D-3B31-4E0E-B1D0-F57C5F96C5FF}.Release|Any CPU.Build.0 = Release|Any CPU
	EndGlobalSection
	GlobalSection(SolutionProperties) = preSolution
		HideSolutionNode = FALSE
	EndGlobalSection
	GlobalSection(ExtensibilityGlobals) = postSolution
		SolutionGuid = {05F57C92-1067-4137-9458-213399570D17}
	EndGlobalSection
EndGlobal
